<Solution>
  <Project Path="benchmarks/benchmarks.csproj" />
  <Project Path="csharp14/csharp14.csproj" />
  <Project Path="dotnetfeatures\dotnetfeatures.csproj" />
  <Project Path="EfCore/EfCore.csproj" Id="bc012fb2-1604-4986-bba3-134c5ce918fe" />
  <Project Path="PasskeyExample/PasskeyExample.csproj" Id="69ff2312-f434-4e27-8110-8237e4cf19b0" />
  <Project Path="TestProject/TestProject.csproj" Id="9d0ddd0d-68ab-4743-b4c2-e3514a069616" />
  <Project Path="ToolExample/ToolExample.csproj" Id="65255ebe-6143-4a2d-9183-fb2e030bb8af" />
</Solution>
